
Microsoft Visual Studio Solution File, Format Version 12.00
# Visual Studio Version 16
VisualStudioVersion = 16.0.28822.285
MinimumVisualStudioVersion = 10.0.40219.1
Project("{FAE04EC0-301F-11D3-BF4B-00C04F79EFBC}") = "Uptime.Snakey.UI", "Uptime.Snakey.UI\Uptime.Snakey.UI.csproj", "{3816FA03-8D2D-4746-9F34-94933E9B9640}"
EndProject
Project("{FAE04EC0-301F-11D3-BF4B-00C04F79EFBC}") = "Uptime.Snakey.BusinessDomain", "Uptime.Snakey.BusinessDomain\Uptime.Snakey.BusinessDomain\Uptime.Snakey.BusinessDomain.csproj", "{1F6B69F4-EF2B-4D11-9180-A55896544013}"
EndProject
Project("{FAE04EC0-301F-11D3-BF4B-00C04F79EFBC}") = "Uptime.Snakey.Service", "Uptime.Snakey.Service\Uptime.Snakey.Service\Uptime.Snakey.Service.csproj", "{E56177D1-21E9-44B2-93DC-A134DD0A0ABE}"
EndProject
Global
	GlobalSection(SolutionConfigurationPlatforms) = preSolution
		Debug|Any CPU = Debug|Any CPU
		Release|Any CPU = Release|Any CPU
	EndGlobalSection
	GlobalSection(ProjectConfigurationPlatforms) = postSolution
		{3816FA03-8D2D-4746-9F34-94933E9B9640}.Debug|Any CPU.ActiveCfg = Debug|Any CPU
		{3816FA03-8D2D-4746-9F34-94933E9B9640}.Debug|Any CPU.Build.0 = Debug|Any CPU
		{3816FA03-8D2D-4746-9F34-94933E9B9640}.Release|Any CPU.ActiveCfg = Release|Any CPU
		{3816FA03-8D2D-4746-9F34-94933E9B9640}.Release|Any CPU.Build.0 = Release|Any CPU
		{1F6B69F4-EF2B-4D11-9180-A55896544013}.Debug|Any CPU.ActiveCfg = Debug|Any CPU
		{1F6B69F4-EF2B-4D11-9180-A55896544013}.Debug|Any CPU.Build.0 = Debug|Any CPU
		{1F6B69F4-EF2B-4D11-9180-A55896544013}.Release|Any CPU.ActiveCfg = Release|Any CPU
		{1F6B69F4-EF2B-4D11-9180-A55896544013}.Release|Any CPU.Build.0 = Release|Any CPU
		{E56177D1-21E9-44B2-93DC-A134DD0A0ABE}.Debug|Any CPU.ActiveCfg = Debug|Any CPU
		{E56177D1-21E9-44B2-93DC-A134DD0A0ABE}.Debug|Any CPU.Build.0 = Debug|Any CPU
		{E56177D1-21E9-44B2-93DC-A134DD0A0ABE}.Release|Any CPU.ActiveCfg = Release|Any CPU
		{E56177D1-21E9-44B2-93DC-A134DD0A0ABE}.Release|Any CPU.Build.0 = Release|Any CPU
	EndGlobalSection
	GlobalSection(SolutionProperties) = preSolution
		HideSolutionNode = FALSE
	EndGlobalSection
	GlobalSection(ExtensibilityGlobals) = postSolution
		SolutionGuid = {99E7F105-0C68-4961-9FB4-EEC06D793514}
	EndGlobalSection
EndGlobal
